
Microsoft Visual Studio Solution File, Format Version 12.00
# Visual Studio Version 16
VisualStudioVersion = 16.0.32413.511
MinimumVisualStudioVersion = 10.0.40219.1
Project("{8BC9CEB8-8B4A-11D0-8D11-00A0C91BC942}") = "LedasProject", "LedasProject\LedasProject.vcxproj", "{222FC803-8B77-4D8E-8129-DD6FFB8325BE}"
EndProject
Global
	GlobalSection(SolutionConfigurationPlatforms) = preSolution
		Debug|x64 = Debug|x64
		Debug|x86 = Debug|x86
		Release|x64 = Release|x64
		Release|x86 = Release|x86
	EndGlobalSection
	GlobalSection(ProjectConfigurationPlatforms) = postSolution
		{222FC803-8B77-4D8E-8129-DD6FFB8325BE}.Debug|x64.ActiveCfg = Debug|x64
		{222FC803-8B77-4D8E-8129-DD6FFB8325BE}.Debug|x64.Build.0 = Debug|x64
		{222FC803-8B77-4D8E-8129-DD6FFB8325BE}.Debug|x86.ActiveCfg = Debug|Win32
		{222FC803-8B77-4D8E-8129-DD6FFB8325BE}.Debug|x86.Build.0 = Debug|Win32
		{222FC803-8B77-4D8E-8129-DD6FFB8325BE}.Release|x64.ActiveCfg = Release|x64
		{222FC803-8B77-4D8E-8129-DD6FFB8325BE}.Release|x64.Build.0 = Release|x64
		{222FC803-8B77-4D8E-8129-DD6FFB8325BE}.Release|x86.ActiveCfg = Release|Win32
		{222FC803-8B77-4D8E-8129-DD6FFB8325BE}.Release|x86.Build.0 = Release|Win32
	EndGlobalSection
	GlobalSection(SolutionProperties) = preSolution
		HideSolutionNode = FALSE
	EndGlobalSection
	GlobalSection(ExtensibilityGlobals) = postSolution
		SolutionGuid = {73563BD6-FA43-4DA8-B732-4C2EB248870D}
	EndGlobalSection
EndGlobal
